
Microsoft Visual Studio Solution File, Format Version 12.00
# Visual Studio Version 17
VisualStudioVersion = 17.2.32210.308
MinimumVisualStudioVersion = 10.0.40219.1
Project("{FAE04EC0-301F-11D3-BF4B-00C04F79EFBC}") = "Blazor-WebAssembly-StatisticsAndML-DotNet7", "Blazor-WebAssembly-StatisticsAndML-DotNet7.csproj", "{1CDDF863-024F-475A-A590-7859A67527D1}"
EndProject
Global
	GlobalSection(SolutionConfigurationPlatforms) = preSolution
		Debug|Any CPU = Debug|Any CPU
		Release|Any CPU = Release|Any CPU
	EndGlobalSection
	GlobalSection(ProjectConfigurationPlatforms) = postSolution
		{1CDDF863-024F-475A-A590-7859A67527D1}.Debug|Any CPU.ActiveCfg = Debug|Any CPU
		{1CDDF863-024F-475A-A590-7859A67527D1}.Debug|Any CPU.Build.0 = Debug|Any CPU
		{1CDDF863-024F-475A-A590-7859A67527D1}.Release|Any CPU.ActiveCfg = Release|Any CPU
		{1CDDF863-024F-475A-A590-7859A67527D1}.Release|Any CPU.Build.0 = Release|Any CPU
	EndGlobalSection
	GlobalSection(SolutionProperties) = preSolution
		HideSolutionNode = FALSE
	EndGlobalSection
	GlobalSection(ExtensibilityGlobals) = postSolution
		SolutionGuid = {A4A34D57-5FEF-4A20-B34F-1B3CC420B983}
	EndGlobalSection
EndGlobal
